
Microsoft Visual Studio Solution File, Format Version 11.00
# Visual Studio 2010
Project("{FAE04EC0-301F-11D3-BF4B-00C04F79EFBC}") = "FMODUnity", "FMODUnity.csproj", "{0722e857-1be8-f1ee-7da3-dd1ec7508446}"
EndProject
Project("{FAE04EC0-301F-11D3-BF4B-00C04F79EFBC}") = "UnityEngine.UI", "UnityEngine.UI.csproj", "{9f79320b-fe84-0c87-c729-2467b6547df8}"
EndProject
Project("{FAE04EC0-301F-11D3-BF4B-00C04F79EFBC}") = "Sirenix.OdinInspector.CompatibilityLayer", "Sirenix.OdinInspector.CompatibilityLayer.csproj", "{88819c13-6650-ba0e-6331-1da1fbaa2bbe}"
EndProject
Project("{FAE04EC0-301F-11D3-BF4B-00C04F79EFBC}") = "FMODUnityResonance", "FMODUnityResonance.csproj", "{3d6683a7-3b0b-c0d1-e80d-54afd2c29be8}"
EndProject
Project("{FAE04EC0-301F-11D3-BF4B-00C04F79EFBC}") = "Assembly-CSharp", "Assembly-CSharp.csproj", "{0b3f4101-243f-666a-d16e-54883cae8834}"
EndProject
Project("{FAE04EC0-301F-11D3-BF4B-00C04F79EFBC}") = "GrabbitAssembly", "GrabbitAssembly.csproj", "{ae80a0d3-93a4-d8a2-6646-53a1d221063e}"
EndProject
Project("{FAE04EC0-301F-11D3-BF4B-00C04F79EFBC}") = "vhacd", "vhacd.csproj", "{e180aefd-20a0-8116-0320-e635fecf13dd}"
EndProject
Project("{FAE04EC0-301F-11D3-BF4B-00C04F79EFBC}") = "UnityEditor.UI", "UnityEditor.UI.csproj", "{ace77c18-d301-2f85-3b0b-6ed0d33420c0}"
EndProject
Project("{FAE04EC0-301F-11D3-BF4B-00C04F79EFBC}") = "FMODUnityEditor", "FMODUnityEditor.csproj", "{610e1931-799c-9a71-638f-c82b9f663a8a}"
EndProject
Project("{FAE04EC0-301F-11D3-BF4B-00C04F79EFBC}") = "Assembly-CSharp-Editor-firstpass", "Assembly-CSharp-Editor-firstpass.csproj", "{233d1d00-2b87-de45-22c9-9854b55cbcda}"
EndProject
Project("{FAE04EC0-301F-11D3-BF4B-00C04F79EFBC}") = "Sirenix.OdinInspector.CompatibilityLayer.Editor", "Sirenix.OdinInspector.CompatibilityLayer.Editor.csproj", "{274c5f97-2a2a-df6f-44d4-79630a2b7291}"
EndProject
Project("{FAE04EC0-301F-11D3-BF4B-00C04F79EFBC}") = "Unity.2D.Sprite.Editor", "Unity.2D.Sprite.Editor.csproj", "{5eddd3b7-1526-9125-164e-276fc91cfa80}"
EndProject
Project("{FAE04EC0-301F-11D3-BF4B-00C04F79EFBC}") = "Unity.2D.Tilemap.Editor", "Unity.2D.Tilemap.Editor.csproj", "{387891aa-a1df-7c9b-80e0-52fdbb38a789}"
EndProject
Project("{FAE04EC0-301F-11D3-BF4B-00C04F79EFBC}") = "FMODUnityResonanceEditor", "FMODUnityResonanceEditor.csproj", "{2b8d6577-9d1b-2acd-7fcf-28ecb7d973bb}"
EndProject
Project("{FAE04EC0-301F-11D3-BF4B-00C04F79EFBC}") = "Sirenix.OdinInspector.Modules.UnityMathematics", "Sirenix.OdinInspector.Modules.UnityMathematics.csproj", "{afeba1cc-ec45-f5e8-a4fd-089111f04c7c}"
EndProject
Project("{FAE04EC0-301F-11D3-BF4B-00C04F79EFBC}") = "Ludiq.PeekCore.Runtime", "Ludiq.PeekCore.Runtime.csproj", "{37ade32c-8e87-a913-e834-ccad4ac5e713}"
EndProject
Project("{FAE04EC0-301F-11D3-BF4B-00C04F79EFBC}") = "Ludiq.PeekCore.Editor", "Ludiq.PeekCore.Editor.csproj", "{3551aad6-7e3e-ff71-367e-042030c691a5}"
EndProject
Project("{FAE04EC0-301F-11D3-BF4B-00C04F79EFBC}") = "Ludiq.Peek.Editor", "Ludiq.Peek.Editor.csproj", "{6b66f55a-8294-7fd4-67d5-7061cef158ff}"
EndProject
Global
	GlobalSection(SolutionConfigurationPlatforms) = preSolution
		Debug|Any CPU = Debug|Any CPU
	EndGlobalSection
	GlobalSection(ProjectConfigurationPlatforms) = postSolution
		{0722e857-1be8-f1ee-7da3-dd1ec7508446}.Debug|Any CPU.ActiveCfg = Debug|Any CPU
		{0722e857-1be8-f1ee-7da3-dd1ec7508446}.Debug|Any CPU.Build.0 = Debug|Any CPU
		{9f79320b-fe84-0c87-c729-2467b6547df8}.Debug|Any CPU.ActiveCfg = Debug|Any CPU
		{9f79320b-fe84-0c87-c729-2467b6547df8}.Debug|Any CPU.Build.0 = Debug|Any CPU
		{88819c13-6650-ba0e-6331-1da1fbaa2bbe}.Debug|Any CPU.ActiveCfg = Debug|Any CPU
		{88819c13-6650-ba0e-6331-1da1fbaa2bbe}.Debug|Any CPU.Build.0 = Debug|Any CPU
		{3d6683a7-3b0b-c0d1-e80d-54afd2c29be8}.Debug|Any CPU.ActiveCfg = Debug|Any CPU
		{3d6683a7-3b0b-c0d1-e80d-54afd2c29be8}.Debug|Any CPU.Build.0 = Debug|Any CPU
		{0b3f4101-243f-666a-d16e-54883cae8834}.Debug|Any CPU.ActiveCfg = Debug|Any CPU
		{0b3f4101-243f-666a-d16e-54883cae8834}.Debug|Any CPU.Build.0 = Debug|Any CPU
		{ae80a0d3-93a4-d8a2-6646-53a1d221063e}.Debug|Any CPU.ActiveCfg = Debug|Any CPU
		{ae80a0d3-93a4-d8a2-6646-53a1d221063e}.Debug|Any CPU.Build.0 = Debug|Any CPU
		{e180aefd-20a0-8116-0320-e635fecf13dd}.Debug|Any CPU.ActiveCfg = Debug|Any CPU
		{e180aefd-20a0-8116-0320-e635fecf13dd}.Debug|Any CPU.Build.0 = Debug|Any CPU
		{ace77c18-d301-2f85-3b0b-6ed0d33420c0}.Debug|Any CPU.ActiveCfg = Debug|Any CPU
		{ace77c18-d301-2f85-3b0b-6ed0d33420c0}.Debug|Any CPU.Build.0 = Debug|Any CPU
		{610e1931-799c-9a71-638f-c82b9f663a8a}.Debug|Any CPU.ActiveCfg = Debug|Any CPU
		{610e1931-799c-9a71-638f-c82b9f663a8a}.Debug|Any CPU.Build.0 = Debug|Any CPU
		{233d1d00-2b87-de45-22c9-9854b55cbcda}.Debug|Any CPU.ActiveCfg = Debug|Any CPU
		{233d1d00-2b87-de45-22c9-9854b55cbcda}.Debug|Any CPU.Build.0 = Debug|Any CPU
		{274c5f97-2a2a-df6f-44d4-79630a2b7291}.Debug|Any CPU.ActiveCfg = Debug|Any CPU
		{274c5f97-2a2a-df6f-44d4-79630a2b7291}.Debug|Any CPU.Build.0 = Debug|Any CPU
		{5eddd3b7-1526-9125-164e-276fc91cfa80}.Debug|Any CPU.ActiveCfg = Debug|Any CPU
		{5eddd3b7-1526-9125-164e-276fc91cfa80}.Debug|Any CPU.Build.0 = Debug|Any CPU
		{387891aa-a1df-7c9b-80e0-52fdbb38a789}.Debug|Any CPU.ActiveCfg = Debug|Any CPU
		{387891aa-a1df-7c9b-80e0-52fdbb38a789}.Debug|Any CPU.Build.0 = Debug|Any CPU
		{2b8d6577-9d1b-2acd-7fcf-28ecb7d973bb}.Debug|Any CPU.ActiveCfg = Debug|Any CPU
		{2b8d6577-9d1b-2acd-7fcf-28ecb7d973bb}.Debug|Any CPU.Build.0 = Debug|Any CPU
		{afeba1cc-ec45-f5e8-a4fd-089111f04c7c}.Debug|Any CPU.ActiveCfg = Debug|Any CPU
		{afeba1cc-ec45-f5e8-a4fd-089111f04c7c}.Debug|Any CPU.Build.0 = Debug|Any CPU
		{37ade32c-8e87-a913-e834-ccad4ac5e713}.Debug|Any CPU.ActiveCfg = Debug|Any CPU
		{37ade32c-8e87-a913-e834-ccad4ac5e713}.Debug|Any CPU.Build.0 = Debug|Any CPU
		{3551aad6-7e3e-ff71-367e-042030c691a5}.Debug|Any CPU.ActiveCfg = Debug|Any CPU
		{3551aad6-7e3e-ff71-367e-042030c691a5}.Debug|Any CPU.Build.0 = Debug|Any CPU
		{6b66f55a-8294-7fd4-67d5-7061cef158ff}.Debug|Any CPU.ActiveCfg = Debug|Any CPU
		{6b66f55a-8294-7fd4-67d5-7061cef158ff}.Debug|Any CPU.Build.0 = Debug|Any CPU
	EndGlobalSection
	GlobalSection(SolutionProperties) = preSolution
		HideSolutionNode = FALSE
	EndGlobalSection
EndGlobal
